<?xml version="1.0" encoding="utf-8"?>
<Project ToolsVersion="4.0" xmlns="http://schemas.microsoft.com/developer/msbuild/2003">
  <ItemGroup>
    <ClCompile Include="..\libraries\glad\src\glad.c" />
    <ClCompile Include="main.cpp">
      <Filter>Engine\Core</Filter>
    </ClCompile>
    <ClCompile Include="Game.cpp">
      <Filter>Game</Filter>
    </ClCompile>
  </ItemGroup>
  <ItemGroup>
    <Filter Include="Engine">
      <UniqueIdentifier>{21f2c020-e04b-4907-92b4-5d5b50d147e3}</UniqueIdentifier>
    </Filter>
    <Filter Include="Engine\Core">
      <UniqueIdentifier>{a41f4944-3cd5-448b-b446-b52b4ab9f278}</UniqueIdentifier>
    </Filter>
    <Filter Include="Resource Files">
      <UniqueIdentifier>{fb669eaf-48a6-4227-ab62-cc1cd142a2ac}</UniqueIdentifier>
    </Filter>
    <Filter Include="Game">
      <UniqueIdentifier>{367b8523-5902-4ae6-96c8-7d56183458a0}</UniqueIdentifier>
    </Filter>
  </ItemGroup>
  <ItemGroup>
    <ClInclude Include="logger.hpp">
      <Filter>Engine\Core</Filter>
    </ClInclude>
    <ClInclude Include="defines.h">
      <Filter>Engine\Core</Filter>
    </ClInclude>
    <ClInclude Include="Shader.h">
      <Filter>Engine\Core</Filter>
    </ClInclude>
    <ClInclude Include="Texture.h">
      <Filter>Engine\Core</Filter>
    </ClInclude>
    <ClInclude Include="Material.h">
      <Filter>Engine\Core</Filter>
    </ClInclude>
    <ClInclude Include="Vertex.h">
      <Filter>Engine\Core</Filter>
    </ClInclude>
    <ClInclude Include="Mesh.h">
      <Filter>Engine\Core</Filter>
    </ClInclude>
    <ClInclude Include="Primitives.h">
      <Filter>Engine\Core</Filter>
    </ClInclude>
    <ClInclude Include="Game.h">
      <Filter>Game</Filter>
    </ClInclude>
    <ClInclude Include="Camera.h">
      <Filter>Engine\Core</Filter>
    </ClInclude>
    <ClInclude Include="Model.h">
      <Filter>Engine\Core</Filter>
    </ClInclude>
    <ClInclude Include="OBJLoader.hpp">
      <Filter>Engine\Core</Filter>
    </ClInclude>
    <ClInclude Include="Light.h">
      <Filter>Engine\Core</Filter>
    </ClInclude>
  </ItemGroup>
</Project>