<?xml version="1.0" encoding="utf-8"?>
<Project ToolsVersion="4.0" xmlns="http://schemas.microsoft.com/developer/msbuild/2003">
  <ItemGroup>
    <ClCompile Include="main.cpp">
      <Filter>Engine\Core</Filter>
    </ClCompile>
    <ClCompile Include="Game.cpp">
      <Filter>Game</Filter>
    </ClCompile>
    <ClCompile Include="..\libraries\glad\src\glad.c">
      <Filter>Engine\Vendor</Filter>
    </ClCompile>
    <ClCompile Include="..\libraries\imgui\imgui.cpp">
      <Filter>Engine\Vendor\imgui</Filter>
    </ClCompile>
    <ClCompile Include="..\libraries\imgui\imgui_demo.cpp">
      <Filter>Engine\Vendor\imgui</Filter>
    </ClCompile>
    <ClCompile Include="..\libraries\imgui\imgui_draw.cpp">
      <Filter>Engine\Vendor\imgui</Filter>
    </ClCompile>
    <ClCompile Include="..\libraries\imgui\imgui_tables.cpp">
      <Filter>Engine\Vendor\imgui</Filter>
    </ClCompile>
    <ClCompile Include="..\libraries\imgui\imgui_widgets.cpp">
      <Filter>Engine\Vendor\imgui</Filter>
    </ClCompile>
    <ClCompile Include="..\libraries\imgui\imgui_impl_glfw.cpp">
      <Filter>Engine\Vendor\imgui</Filter>
    </ClCompile>
    <ClCompile Include="..\libraries\imgui\imgui_impl_opengl3.cpp">
      <Filter>Engine\Vendor\imgui</Filter>
    </ClCompile>
  </ItemGroup>
  <ItemGroup>
    <Filter Include="Engine">
      <UniqueIdentifier>{21f2c020-e04b-4907-92b4-5d5b50d147e3}</UniqueIdentifier>
    </Filter>
    <Filter Include="Engine\Core">
      <UniqueIdentifier>{a41f4944-3cd5-448b-b446-b52b4ab9f278}</UniqueIdentifier>
    </Filter>
    <Filter Include="Resource Files">
      <UniqueIdentifier>{fb669eaf-48a6-4227-ab62-cc1cd142a2ac}</UniqueIdentifier>
    </Filter>
    <Filter Include="Game">
      <UniqueIdentifier>{367b8523-5902-4ae6-96c8-7d56183458a0}</UniqueIdentifier>
    </Filter>
    <Filter Include="Engine\Networking">
      <UniqueIdentifier>{e9e6db2d-3b80-47d5-a03f-301af9c840f0}</UniqueIdentifier>
    </Filter>
    <Filter Include="Engine\Vendor">
      <UniqueIdentifier>{cea8365e-8743-4369-8301-28ec235f0fe1}</UniqueIdentifier>
    </Filter>
    <Filter Include="Engine\Vendor\imgui">
      <UniqueIdentifier>{392dcebd-ea0a-4320-a4cd-16bc0adc23f5}</UniqueIdentifier>
    </Filter>
    <Filter Include="Engine\Vendor\imgui\headers">
      <UniqueIdentifier>{f819520a-743e-49cb-84a6-a4c3fef96f04}</UniqueIdentifier>
    </Filter>
    <Filter Include="Engine\Core\Components">
      <UniqueIdentifier>{beb0c829-c4e5-4b9e-9b77-afb5d3daec27}</UniqueIdentifier>
    </Filter>
  </ItemGroup>
  <ItemGroup>
    <ClInclude Include="logger.hpp">
      <Filter>Engine\Core</Filter>
    </ClInclude>
    <ClInclude Include="defines.h">
      <Filter>Engine\Core</Filter>
    </ClInclude>
    <ClInclude Include="Shader.h">
      <Filter>Engine\Core</Filter>
    </ClInclude>
    <ClInclude Include="Texture.h">
      <Filter>Engine\Core</Filter>
    </ClInclude>
    <ClInclude Include="Material.h">
      <Filter>Engine\Core</Filter>
    </ClInclude>
    <ClInclude Include="Vertex.h">
      <Filter>Engine\Core</Filter>
    </ClInclude>
    <ClInclude Include="Primitives.h">
      <Filter>Engine\Core</Filter>
    </ClInclude>
    <ClInclude Include="Game.h">
      <Filter>Game</Filter>
    </ClInclude>
    <ClInclude Include="Camera.h">
      <Filter>Engine\Core</Filter>
    </ClInclude>
    <ClInclude Include="OBJLoader.hpp">
      <Filter>Engine\Core</Filter>
    </ClInclude>
    <ClInclude Include="..\libraries\imgui\imconfig.h">
      <Filter>Engine\Vendor\imgui\headers</Filter>
    </ClInclude>
    <ClInclude Include="..\libraries\imgui\imgui.h">
      <Filter>Engine\Vendor\imgui\headers</Filter>
    </ClInclude>
    <ClInclude Include="..\libraries\imgui\imgui_internal.h">
      <Filter>Engine\Vendor\imgui\headers</Filter>
    </ClInclude>
    <ClInclude Include="..\libraries\imgui\imstb_rectpack.h">
      <Filter>Engine\Vendor\imgui\headers</Filter>
    </ClInclude>
    <ClInclude Include="..\libraries\imgui\imstb_textedit.h">
      <Filter>Engine\Vendor\imgui\headers</Filter>
    </ClInclude>
    <ClInclude Include="..\libraries\imgui\imstb_truetype.h">
      <Filter>Engine\Vendor\imgui\headers</Filter>
    </ClInclude>
    <ClInclude Include="..\libraries\imgui\imgui_impl_glfw.h">
      <Filter>Engine\Vendor\imgui\headers</Filter>
    </ClInclude>
    <ClInclude Include="..\libraries\imgui\imgui_impl_opengl3.h">
      <Filter>Engine\Vendor\imgui\headers</Filter>
    </ClInclude>
    <ClInclude Include="..\libraries\imgui\imgui_impl_opengl3_loader.h">
      <Filter>Engine\Vendor\imgui\headers</Filter>
    </ClInclude>
    <ClInclude Include="Component.h">
      <Filter>Engine\Core\Components</Filter>
    </ClInclude>
    <ClInclude Include="Mesh.h">
      <Filter>Engine\Core</Filter>
    </ClInclude>
    <ClInclude Include="Model.h">
      <Filter>Engine\Core\Components</Filter>
    </ClInclude>
    <ClInclude Include="Light.h">
      <Filter>Engine\Core\Components</Filter>
    </ClInclude>
    <ClInclude Include="ShadowMapFBO.h">
      <Filter>Engine\Core</Filter>
    </ClInclude>
    <ClInclude Include="GlobalCache.h">
      <Filter>Engine\Core</Filter>
    </ClInclude>
  </ItemGroup>
  <ItemGroup>
    <None Include="resources\shaders\vertex_core.glsl">
      <Filter>Resource Files</Filter>
    </None>
    <None Include="resources\shaders\fragment_core.glsl">
      <Filter>Resource Files</Filter>
    </None>
    <None Include="resources\shaders\depth_fragment.glsl">
      <Filter>Resource Files</Filter>
    </None>
    <None Include="resources\shaders\depth_vertex.glsl">
      <Filter>Resource Files</Filter>
    </None>
    <None Include="resources\shaders\depth_geometry.glsl">
      <Filter>Resource Files</Filter>
    </None>
  </ItemGroup>
</Project>